
Microsoft Visual Studio Solution File, Format Version 12.00
# Visual Studio Version 17
VisualStudioVersion = 17.14.36301.6 d17.14
MinimumVisualStudioVersion = 10.0.40219.1
Project("{FAE04EC0-301F-11D3-BF4B-00C04F79EFBC}") = "GambleUp", "GambleUp\GambleUp.csproj", "{19BB8DBB-4598-4484-897D-BBCC6AA7C755}"
EndProject
Global
	GlobalSection(SolutionConfigurationPlatforms) = preSolution
		Debug|Any CPU = Debug|Any CPU
		Release|Any CPU = Release|Any CPU
	EndGlobalSection
	GlobalSection(ProjectConfigurationPlatforms) = postSolution
		{19BB8DBB-4598-4484-897D-BBCC6AA7C755}.Debug|Any CPU.ActiveCfg = Debug|Any CPU
		{19BB8DBB-4598-4484-897D-BBCC6AA7C755}.Debug|Any CPU.Build.0 = Debug|Any CPU
		{19BB8DBB-4598-4484-897D-BBCC6AA7C755}.Release|Any CPU.ActiveCfg = Release|Any CPU
		{19BB8DBB-4598-4484-897D-BBCC6AA7C755}.Release|Any CPU.Build.0 = Release|Any CPU
	EndGlobalSection
	GlobalSection(SolutionProperties) = preSolution
		HideSolutionNode = FALSE
	EndGlobalSection
	GlobalSection(ExtensibilityGlobals) = postSolution
		SolutionGuid = {75D67B58-4AB9-4371-8C01-EF6E7F10DB35}
	EndGlobalSection
EndGlobal
